
Microsoft Visual Studio Solution File, Format Version 12.00
# Visual Studio Version 17
VisualStudioVersion = 17.3.32519.111
MinimumVisualStudioVersion = 10.0.40219.1
Project("{2150E333-8FDC-42A3-9474-1A3956D46DE8}") = "src", "src", "{7479C125-D83C-4962-B87F-9A0281F029B9}"
EndProject
Project("{2150E333-8FDC-42A3-9474-1A3956D46DE8}") = "Engine", "Engine", "{32D94E12-8A20-4443-A4B1-20C6E212FCDE}"
EndProject
Project("{9A19103F-16F7-4668-BE54-9A1E7A4F7556}") = "IGE.GameEntry", "src\IGE.GameEntry\IGE.GameEntry.csproj", "{824093CC-9BFD-4C7C-9247-1B06A9C68B9D}"
EndProject
Project("{FAE04EC0-301F-11D3-BF4B-00C04F79EFBC}") = "IGE.Core", "src\Engine\IGE.Core\IGE.Core.csproj", "{F90DC194-DB0E-4A9E-B794-5E522CB27506}"
EndProject
Global
	GlobalSection(SolutionConfigurationPlatforms) = preSolution
		Debug|Any CPU = Debug|Any CPU
		Release|Any CPU = Release|Any CPU
	EndGlobalSection
	GlobalSection(ProjectConfigurationPlatforms) = postSolution
		{824093CC-9BFD-4C7C-9247-1B06A9C68B9D}.Debug|Any CPU.ActiveCfg = Debug|Any CPU
		{824093CC-9BFD-4C7C-9247-1B06A9C68B9D}.Debug|Any CPU.Build.0 = Debug|Any CPU
		{824093CC-9BFD-4C7C-9247-1B06A9C68B9D}.Release|Any CPU.ActiveCfg = Release|Any CPU
		{824093CC-9BFD-4C7C-9247-1B06A9C68B9D}.Release|Any CPU.Build.0 = Release|Any CPU
		{F90DC194-DB0E-4A9E-B794-5E522CB27506}.Debug|Any CPU.ActiveCfg = Debug|Any CPU
		{F90DC194-DB0E-4A9E-B794-5E522CB27506}.Debug|Any CPU.Build.0 = Debug|Any CPU
		{F90DC194-DB0E-4A9E-B794-5E522CB27506}.Release|Any CPU.ActiveCfg = Release|Any CPU
		{F90DC194-DB0E-4A9E-B794-5E522CB27506}.Release|Any CPU.Build.0 = Release|Any CPU
	EndGlobalSection
	GlobalSection(SolutionProperties) = preSolution
		HideSolutionNode = FALSE
	EndGlobalSection
	GlobalSection(NestedProjects) = preSolution
		{32D94E12-8A20-4443-A4B1-20C6E212FCDE} = {7479C125-D83C-4962-B87F-9A0281F029B9}
		{824093CC-9BFD-4C7C-9247-1B06A9C68B9D} = {7479C125-D83C-4962-B87F-9A0281F029B9}
		{F90DC194-DB0E-4A9E-B794-5E522CB27506} = {32D94E12-8A20-4443-A4B1-20C6E212FCDE}
	EndGlobalSection
	GlobalSection(ExtensibilityGlobals) = postSolution
		SolutionGuid = {C9F4BB23-C705-4282-87D3-6FF5C7C4BB2D}
	EndGlobalSection
EndGlobal
